
Microsoft Visual Studio Solution File, Format Version 12.00
# Visual Studio 15
VisualStudioVersion = 15.0.28307.489
MinimumVisualStudioVersion = 10.0.40219.1
Project("{FAE04EC0-301F-11D3-BF4B-00C04F79EFBC}") = "EAD", "EAD\EAD.csproj", "{870A94EB-090F-4EA2-8C15-B873D5CA5AF1}"
EndProject
Global
	GlobalSection(SolutionConfigurationPlatforms) = preSolution
		Debug|Any CPU = Debug|Any CPU
		Release|Any CPU = Release|Any CPU
	EndGlobalSection
	GlobalSection(ProjectConfigurationPlatforms) = postSolution
		{870A94EB-090F-4EA2-8C15-B873D5CA5AF1}.Debug|Any CPU.ActiveCfg = Debug|Any CPU
		{870A94EB-090F-4EA2-8C15-B873D5CA5AF1}.Debug|Any CPU.Build.0 = Debug|Any CPU
		{870A94EB-090F-4EA2-8C15-B873D5CA5AF1}.Release|Any CPU.ActiveCfg = Release|Any CPU
		{870A94EB-090F-4EA2-8C15-B873D5CA5AF1}.Release|Any CPU.Build.0 = Release|Any CPU
	EndGlobalSection
	GlobalSection(SolutionProperties) = preSolution
		HideSolutionNode = FALSE
	EndGlobalSection
	GlobalSection(ExtensibilityGlobals) = postSolution
		SolutionGuid = {8E9BB472-40DD-461F-8170-01F60556D52B}
	EndGlobalSection
EndGlobal
